
Microsoft Visual Studio Solution File, Format Version 12.00
# Visual Studio 15
VisualStudioVersion = 15.0.26228.4
MinimumVisualStudioVersion = 10.0.40219.1
Project("{FAE04EC0-301F-11D3-BF4B-00C04F79EFBC}") = "Example2", "Example2.csproj", "{765E98AA-E170-4C90-B3CE-9BBD8397EA60}"
EndProject
Global
	GlobalSection(SolutionConfigurationPlatforms) = preSolution
		Debug|Any CPU = Debug|Any CPU
		Release|Any CPU = Release|Any CPU
	EndGlobalSection
	GlobalSection(ProjectConfigurationPlatforms) = postSolution
		{765E98AA-E170-4C90-B3CE-9BBD8397EA60}.Debug|Any CPU.ActiveCfg = Debug|Any CPU
		{765E98AA-E170-4C90-B3CE-9BBD8397EA60}.Debug|Any CPU.Build.0 = Debug|Any CPU
		{765E98AA-E170-4C90-B3CE-9BBD8397EA60}.Release|Any CPU.ActiveCfg = Release|Any CPU
		{765E98AA-E170-4C90-B3CE-9BBD8397EA60}.Release|Any CPU.Build.0 = Release|Any CPU
	EndGlobalSection
	GlobalSection(SolutionProperties) = preSolution
		HideSolutionNode = FALSE
	EndGlobalSection
EndGlobal
